// !$*UTF8*$!
{
	archiveVersion = 1;
	classes = {
	};
	objectVersion = 46;
	objects = {

/* Begin PBXBuildFile section */
		E321605F158CDC6400B983B2 /* MediaPlayer.framework in Frameworks */ = {isa = PBXBuildFile; fileRef = E321605E158CDC6400B983B2 /* MediaPlayer.framework */; };
		E3216062158CDC6C00B983B2 /* AssetsLibrary.framework in Frameworks */ = {isa = PBXBuildFile; fileRef = E3216061158CDC6C00B983B2 /* AssetsLibrary.framework */; };
		E3216066158CE3CA00B983B2 /* ResultViewController.m in Sources */ = {isa = PBXBuildFile; fileRef = E3216064158CE3CA00B983B2 /* ResultViewController.m */; };
		E3216067158CE3CA00B983B2 /* ResultViewController.xib in Resources */ = {isa = PBXBuildFile; fileRef = E3216065158CE3CA00B983B2 /* ResultViewController.xib */; };
		E348F311158C6A24009D25D5 /* UIKit.framework in Frameworks */ = {isa = PBXBuildFile; fileRef = E348F310158C6A24009D25D5 /* UIKit.framework */; };
		E348F313158C6A24009D25D5 /* Foundation.framework in Frameworks */ = {isa = PBXBuildFile; fileRef = E348F312158C6A24009D25D5 /* Foundation.framework */; };
		E348F315158C6A24009D25D5 /* CoreGraphics.framework in Frameworks */ = {isa = PBXBuildFile; fileRef = E348F314158C6A24009D25D5 /* CoreGraphics.framework */; };
		E348F31B158C6A24009D25D5 /* InfoPlist.strings in Resources */ = {isa = PBXBuildFile; fileRef = E348F319158C6A24009D25D5 /* InfoPlist.strings */; };
		E348F31D158C6A24009D25D5 /* main.m in Sources */ = {isa = PBXBuildFile; fileRef = E348F31C158C6A24009D25D5 /* main.m */; };
		E348F321158C6A24009D25D5 /* AppDelegate.m in Sources */ = {isa = PBXBuildFile; fileRef = E348F320158C6A24009D25D5 /* AppDelegate.m */; };
		E348F327158C6A24009D25D5 /* ViewController.xib in Resources */ = {isa = PBXBuildFile; fileRef = E348F325158C6A24009D25D5 /* ViewController.xib */; };
		E348F32F158C6A25009D25D5 /* SenTestingKit.framework in Frameworks */ = {isa = PBXBuildFile; fileRef = E348F32E158C6A25009D25D5 /* SenTestingKit.framework */; };
		E348F330158C6A25009D25D5 /* UIKit.framework in Frameworks */ = {isa = PBXBuildFile; fileRef = E348F310158C6A24009D25D5 /* UIKit.framework */; };
		E348F331158C6A25009D25D5 /* Foundation.framework in Frameworks */ = {isa = PBXBuildFile; fileRef = E348F312158C6A24009D25D5 /* Foundation.framework */; };
		E348F339158C6A25009D25D5 /* InfoPlist.strings in Resources */ = {isa = PBXBuildFile; fileRef = E348F337158C6A25009D25D5 /* InfoPlist.strings */; };
		E348F33C158C6A25009D25D5 /* StoryTellingTests.m in Sources */ = {isa = PBXBuildFile; fileRef = E348F33B158C6A25009D25D5 /* StoryTellingTests.m */; };
		E348F34A158C6B35009D25D5 /* ViewController.m in Sources */ = {isa = PBXBuildFile; fileRef = E348F349158C6B35009D25D5 /* ViewController.m */; };
		E348F353158C6BFE009D25D5 /* AboutUsViewController.m in Sources */ = {isa = PBXBuildFile; fileRef = E348F351158C6BFE009D25D5 /* AboutUsViewController.m */; };
		E348F354158C6BFE009D25D5 /* AboutUsViewController.xib in Resources */ = {isa = PBXBuildFile; fileRef = E348F352158C6BFE009D25D5 /* AboutUsViewController.xib */; };
		E348F358158C6EBC009D25D5 /* AppDataManager.m in Sources */ = {isa = PBXBuildFile; fileRef = E348F357158C6EBC009D25D5 /* AppDataManager.m */; };
		E348F35C158C755D009D25D5 /* PlayerViewController.m in Sources */ = {isa = PBXBuildFile; fileRef = E348F35A158C755D009D25D5 /* PlayerViewController.m */; };
		E348F35D158C755D009D25D5 /* PlayerViewController.xib in Resources */ = {isa = PBXBuildFile; fileRef = E348F35B158C755D009D25D5 /* PlayerViewController.xib */; };
		E348F364158C78F4009D25D5 /* Utility.m in Sources */ = {isa = PBXBuildFile; fileRef = E348F363158C78F4009D25D5 /* Utility.m */; settings = {COMPILER_FLAGS = "-fno-objc-arc"; }; };
		E378DBF2158CD19400359117 /* VideoRecordViewController.m in Sources */ = {isa = PBXBuildFile; fileRef = E378DBF0158CD19400359117 /* VideoRecordViewController.m */; };
		E378DBF3158CD19400359117 /* VideoRecordViewController.xib in Resources */ = {isa = PBXBuildFile; fileRef = E378DBF1158CD19400359117 /* VideoRecordViewController.xib */; };
		E378DBF6158CD6BA00359117 /* icon@2x.png in Resources */ = {isa = PBXBuildFile; fileRef = E378DBF5158CD6BA00359117 /* icon@2x.png */; };
		E378DBF8158CD6BD00359117 /* icon.png in Resources */ = {isa = PBXBuildFile; fileRef = E378DBF7158CD6BD00359117 /* icon.png */; };
		E378DBFA158CD6C000359117 /* Default@2x.png in Resources */ = {isa = PBXBuildFile; fileRef = E378DBF9158CD6C000359117 /* Default@2x.png */; };
		E378DBFC158CD6C300359117 /* Default.png in Resources */ = {isa = PBXBuildFile; fileRef = E378DBFB158CD6C300359117 /* Default.png */; };
		E378DC01158CD89D00359117 /* star@2x.png in Resources */ = {isa = PBXBuildFile; fileRef = E378DBFD158CD89D00359117 /* star@2x.png */; };
		E378DC02158CD89D00359117 /* star.png in Resources */ = {isa = PBXBuildFile; fileRef = E378DBFE158CD89D00359117 /* star.png */; };
		E378DC03158CD89D00359117 /* star_inactive@2x.png in Resources */ = {isa = PBXBuildFile; fileRef = E378DBFF158CD89D00359117 /* star_inactive@2x.png */; };
		E378DC04158CD89D00359117 /* star_inactive.png in Resources */ = {isa = PBXBuildFile; fileRef = E378DC00158CD89D00359117 /* star_inactive.png */; };
		E378DC0A158CDC2200359117 /* MobileCoreServices.framework in Frameworks */ = {isa = PBXBuildFile; fileRef = E378DC09158CDC2200359117 /* MobileCoreServices.framework */; };
/* End PBXBuildFile section */

/* Begin PBXContainerItemProxy section */
		E348F332158C6A25009D25D5 /* PBXContainerItemProxy */ = {
			isa = PBXContainerItemProxy;
			containerPortal = E348F303158C6A24009D25D5 /* Project object */;
			proxyType = 1;
			remoteGlobalIDString = E348F30B158C6A24009D25D5;
			remoteInfo = StoryTelling;
		};
/* End PBXContainerItemProxy section */

/* Begin PBXFileReference section */
		E321605E158CDC6400B983B2 /* MediaPlayer.framework */ = {isa = PBXFileReference; lastKnownFileType = wrapper.framework; name = MediaPlayer.framework; path = System/Library/Frameworks/MediaPlayer.framework; sourceTree = SDKROOT; };
		E3216061158CDC6C00B983B2 /* AssetsLibrary.framework */ = {isa = PBXFileReference; lastKnownFileType = wrapper.framework; name = AssetsLibrary.framework; path = System/Library/Frameworks/AssetsLibrary.framework; sourceTree = SDKROOT; };
		E3216063158CE3CA00B983B2 /* ResultViewController.h */ = {isa = PBXFileReference; fileEncoding = 4; lastKnownFileType = sourcecode.c.h; path = ResultViewController.h; sourceTree = "<group>"; };
		E3216064158CE3CA00B983B2 /* ResultViewController.m */ = {isa = PBXFileReference; fileEncoding = 4; lastKnownFileType = sourcecode.c.objc; path = ResultViewController.m; sourceTree = "<group>"; };
		E3216065158CE3CA00B983B2 /* ResultViewController.xib */ = {isa = PBXFileReference; fileEncoding = 4; lastKnownFileType = file.xib; name = ResultViewController.xib; path = Classes/ResultViewController.xib; sourceTree = "<group>"; };
		E348F30C158C6A24009D25D5 /* StoryTelling.app */ = {isa = PBXFileReference; explicitFileType = wrapper.application; includeInIndex = 0; path = StoryTelling.app; sourceTree = BUILT_PRODUCTS_DIR; };
		E348F310158C6A24009D25D5 /* UIKit.framework */ = {isa = PBXFileReference; lastKnownFileType = wrapper.framework; name = UIKit.framework; path = System/Library/Frameworks/UIKit.framework; sourceTree = SDKROOT; };
		E348F312158C6A24009D25D5 /* Foundation.framework */ = {isa = PBXFileReference; lastKnownFileType = wrapper.framework; name = Foundation.framework; path = System/Library/Frameworks/Foundation.framework; sourceTree = SDKROOT; };
		E348F314158C6A24009D25D5 /* CoreGraphics.framework */ = {isa = PBXFileReference; lastKnownFileType = wrapper.framework; name = CoreGraphics.framework; path = System/Library/Frameworks/CoreGraphics.framework; sourceTree = SDKROOT; };
		E348F318158C6A24009D25D5 /* StoryTelling-Info.plist */ = {isa = PBXFileReference; lastKnownFileType = text.plist.xml; path = "StoryTelling-Info.plist"; sourceTree = "<group>"; };
		E348F31A158C6A24009D25D5 /* en */ = {isa = PBXFileReference; lastKnownFileType = text.plist.strings; name = en; path = en.lproj/InfoPlist.strings; sourceTree = "<group>"; };
		E348F31C158C6A24009D25D5 /* main.m */ = {isa = PBXFileReference; lastKnownFileType = sourcecode.c.objc; path = main.m; sourceTree = "<group>"; };
		E348F31E158C6A24009D25D5 /* StoryTelling-Prefix.pch */ = {isa = PBXFileReference; lastKnownFileType = sourcecode.c.h; path = "StoryTelling-Prefix.pch"; sourceTree = "<group>"; };
		E348F31F158C6A24009D25D5 /* AppDelegate.h */ = {isa = PBXFileReference; lastKnownFileType = sourcecode.c.h; path = AppDelegate.h; sourceTree = "<group>"; };
		E348F320158C6A24009D25D5 /* AppDelegate.m */ = {isa = PBXFileReference; lastKnownFileType = sourcecode.c.objc; path = AppDelegate.m; sourceTree = "<group>"; };
		E348F326158C6A24009D25D5 /* en */ = {isa = PBXFileReference; lastKnownFileType = file.xib; name = en; path = en.lproj/ViewController.xib; sourceTree = "<group>"; };
		E348F32D158C6A25009D25D5 /* StoryTellingTests.octest */ = {isa = PBXFileReference; explicitFileType = wrapper.cfbundle; includeInIndex = 0; path = StoryTellingTests.octest; sourceTree = BUILT_PRODUCTS_DIR; };
		E348F32E158C6A25009D25D5 /* SenTestingKit.framework */ = {isa = PBXFileReference; lastKnownFileType = wrapper.framework; name = SenTestingKit.framework; path = Library/Frameworks/SenTestingKit.framework; sourceTree = DEVELOPER_DIR; };
		E348F336158C6A25009D25D5 /* StoryTellingTests-Info.plist */ = {isa = PBXFileReference; lastKnownFileType = text.plist.xml; path = "StoryTellingTests-Info.plist"; sourceTree = "<group>"; };
		E348F338158C6A25009D25D5 /* en */ = {isa = PBXFileReference; lastKnownFileType = text.plist.strings; name = en; path = en.lproj/InfoPlist.strings; sourceTree = "<group>"; };
		E348F33A158C6A25009D25D5 /* StoryTellingTests.h */ = {isa = PBXFileReference; lastKnownFileType = sourcecode.c.h; path = StoryTellingTests.h; sourceTree = "<group>"; };
		E348F33B158C6A25009D25D5 /* StoryTellingTests.m */ = {isa = PBXFileReference; lastKnownFileType = sourcecode.c.objc; path = StoryTellingTests.m; sourceTree = "<group>"; };
		E348F348158C6B35009D25D5 /* ViewController.h */ = {isa = PBXFileReference; fileEncoding = 4; lastKnownFileType = sourcecode.c.h; path = ViewController.h; sourceTree = "<group>"; };
		E348F349158C6B35009D25D5 /* ViewController.m */ = {isa = PBXFileReference; fileEncoding = 4; lastKnownFileType = sourcecode.c.objc; path = ViewController.m; sourceTree = "<group>"; };
		E348F350158C6BFE009D25D5 /* AboutUsViewController.h */ = {isa = PBXFileReference; fileEncoding = 4; lastKnownFileType = sourcecode.c.h; path = AboutUsViewController.h; sourceTree = "<group>"; };
		E348F351158C6BFE009D25D5 /* AboutUsViewController.m */ = {isa = PBXFileReference; fileEncoding = 4; lastKnownFileType = sourcecode.c.objc; path = AboutUsViewController.m; sourceTree = "<group>"; };
		E348F352158C6BFE009D25D5 /* AboutUsViewController.xib */ = {isa = PBXFileReference; fileEncoding = 4; lastKnownFileType = file.xib; name = AboutUsViewController.xib; path = Classes/AboutUsViewController.xib; sourceTree = "<group>"; };
		E348F356158C6EBC009D25D5 /* AppDataManager.h */ = {isa = PBXFileReference; fileEncoding = 4; lastKnownFileType = sourcecode.c.h; path = AppDataManager.h; sourceTree = "<group>"; };
		E348F357158C6EBC009D25D5 /* AppDataManager.m */ = {isa = PBXFileReference; fileEncoding = 4; lastKnownFileType = sourcecode.c.objc; path = AppDataManager.m; sourceTree = "<group>"; };
		E348F359158C755D009D25D5 /* PlayerViewController.h */ = {isa = PBXFileReference; fileEncoding = 4; lastKnownFileType = sourcecode.c.h; path = PlayerViewController.h; sourceTree = "<group>"; };
		E348F35A158C755D009D25D5 /* PlayerViewController.m */ = {isa = PBXFileReference; fileEncoding = 4; lastKnownFileType = sourcecode.c.objc; path = PlayerViewController.m; sourceTree = "<group>"; };
		E348F35B158C755D009D25D5 /* PlayerViewController.xib */ = {isa = PBXFileReference; fileEncoding = 4; lastKnownFileType = file.xib; name = PlayerViewController.xib; path = Classes/PlayerViewController.xib; sourceTree = "<group>"; };
		E348F362158C78F4009D25D5 /* Utility.h */ = {isa = PBXFileReference; fileEncoding = 4; lastKnownFileType = sourcecode.c.h; path = Utility.h; sourceTree = "<group>"; };
		E348F363158C78F4009D25D5 /* Utility.m */ = {isa = PBXFileReference; fileEncoding = 4; lastKnownFileType = sourcecode.c.objc; path = Utility.m; sourceTree = "<group>"; };
		E378DBEF158CD19400359117 /* VideoRecordViewController.h */ = {isa = PBXFileReference; fileEncoding = 4; lastKnownFileType = sourcecode.c.h; path = VideoRecordViewController.h; sourceTree = "<group>"; };
		E378DBF0158CD19400359117 /* VideoRecordViewController.m */ = {isa = PBXFileReference; fileEncoding = 4; lastKnownFileType = sourcecode.c.objc; path = VideoRecordViewController.m; sourceTree = "<group>"; };
		E378DBF1158CD19400359117 /* VideoRecordViewController.xib */ = {isa = PBXFileReference; fileEncoding = 4; lastKnownFileType = file.xib; name = VideoRecordViewController.xib; path = Classes/VideoRecordViewController.xib; sourceTree = "<group>"; };
		E378DBF5158CD6BA00359117 /* icon@2x.png */ = {isa = PBXFileReference; lastKnownFileType = image.png; path = "icon@2x.png"; sourceTree = "<group>"; };
		E378DBF7158CD6BD00359117 /* icon.png */ = {isa = PBXFileReference; lastKnownFileType = image.png; path = icon.png; sourceTree = "<group>"; };
		E378DBF9158CD6C000359117 /* Default@2x.png */ = {isa = PBXFileReference; lastKnownFileType = image.png; path = "Default@2x.png"; sourceTree = "<group>"; };
		E378DBFB158CD6C300359117 /* Default.png */ = {isa = PBXFileReference; lastKnownFileType = image.png; path = Default.png; sourceTree = "<group>"; };
		E378DBFD158CD89D00359117 /* star@2x.png */ = {isa = PBXFileReference; lastKnownFileType = image.png; path = "star@2x.png"; sourceTree = "<group>"; };
		E378DBFE158CD89D00359117 /* star.png */ = {isa = PBXFileReference; lastKnownFileType = image.png; path = star.png; sourceTree = "<group>"; };
		E378DBFF158CD89D00359117 /* star_inactive@2x.png */ = {isa = PBXFileReference; lastKnownFileType = image.png; path = "star_inactive@2x.png"; sourceTree = "<group>"; };
		E378DC00158CD89D00359117 /* star_inactive.png */ = {isa = PBXFileReference; lastKnownFileType = image.png; path = star_inactive.png; sourceTree = "<group>"; };
		E378DC09158CDC2200359117 /* MobileCoreServices.framework */ = {isa = PBXFileReference; lastKnownFileType = wrapper.framework; name = MobileCoreServices.framework; path = System/Library/Frameworks/MobileCoreServices.framework; sourceTree = SDKROOT; };
/* End PBXFileReference section */

/* Begin PBXFrameworksBuildPhase section */
		E348F309158C6A24009D25D5 /* Frameworks */ = {
			isa = PBXFrameworksBuildPhase;
			buildActionMask = 2147483647;
			files = (
				E3216062158CDC6C00B983B2 /* AssetsLibrary.framework in Frameworks */,
				E321605F158CDC6400B983B2 /* MediaPlayer.framework in Frameworks */,
				E378DC0A158CDC2200359117 /* MobileCoreServices.framework in Frameworks */,
				E348F311158C6A24009D25D5 /* UIKit.framework in Frameworks */,
				E348F313158C6A24009D25D5 /* Foundation.framework in Frameworks */,
				E348F315158C6A24009D25D5 /* CoreGraphics.framework in Frameworks */,
			);
			runOnlyForDeploymentPostprocessing = 0;
		};
		E348F329158C6A25009D25D5 /* Frameworks */ = {
			isa = PBXFrameworksBuildPhase;
			buildActionMask = 2147483647;
			files = (
				E348F32F158C6A25009D25D5 /* SenTestingKit.framework in Frameworks */,
				E348F330158C6A25009D25D5 /* UIKit.framework in Frameworks */,
				E348F331158C6A25009D25D5 /* Foundation.framework in Frameworks */,
			);
			runOnlyForDeploymentPostprocessing = 0;
		};
/* End PBXFrameworksBuildPhase section */

/* Begin PBXGroup section */
		E348F301158C6A24009D25D5 = {
			isa = PBXGroup;
			children = (
				E378DBFB158CD6C300359117 /* Default.png */,
				E378DBF9158CD6C000359117 /* Default@2x.png */,
				E378DBF7158CD6BD00359117 /* icon.png */,
				E378DBF5158CD6BA00359117 /* icon@2x.png */,
				E348F316158C6A24009D25D5 /* StoryTelling */,
				E348F334158C6A25009D25D5 /* StoryTellingTests */,
				E348F30F158C6A24009D25D5 /* Frameworks */,
				E348F30D158C6A24009D25D5 /* Products */,
			);
			sourceTree = "<group>";
		};
		E348F30D158C6A24009D25D5 /* Products */ = {
			isa = PBXGroup;
			children = (
				E348F30C158C6A24009D25D5 /* StoryTelling.app */,
				E348F32D158C6A25009D25D5 /* StoryTellingTests.octest */,
			);
			name = Products;
			sourceTree = "<group>";
		};
		E348F30F158C6A24009D25D5 /* Frameworks */ = {
			isa = PBXGroup;
			children = (
				E3216061158CDC6C00B983B2 /* AssetsLibrary.framework */,
				E321605E158CDC6400B983B2 /* MediaPlayer.framework */,
				E378DC09158CDC2200359117 /* MobileCoreServices.framework */,
				E348F310158C6A24009D25D5 /* UIKit.framework */,
				E348F312158C6A24009D25D5 /* Foundation.framework */,
				E348F314158C6A24009D25D5 /* CoreGraphics.framework */,
				E348F32E158C6A25009D25D5 /* SenTestingKit.framework */,
			);
			name = Frameworks;
			sourceTree = "<group>";
		};
		E348F316158C6A24009D25D5 /* StoryTelling */ = {
			isa = PBXGroup;
			children = (
				E348F31F158C6A24009D25D5 /* AppDelegate.h */,
				E348F320158C6A24009D25D5 /* AppDelegate.m */,
				E348F347158C6B16009D25D5 /* Externals */,
				E348F345158C6AE1009D25D5 /* Classes */,
				E348F34C158C6B57009D25D5 /* Xib */,
				E348F346158C6AF3009D25D5 /* Images */,
				E348F317158C6A24009D25D5 /* Supporting Files */,
			);
			path = StoryTelling;
			sourceTree = "<group>";
		};
		E348F317158C6A24009D25D5 /* Supporting Files */ = {
			isa = PBXGroup;
			children = (
				E348F318158C6A24009D25D5 /* StoryTelling-Info.plist */,
				E348F319158C6A24009D25D5 /* InfoPlist.strings */,
				E348F31C158C6A24009D25D5 /* main.m */,
				E348F31E158C6A24009D25D5 /* StoryTelling-Prefix.pch */,
			);
			name = "Supporting Files";
			sourceTree = "<group>";
		};
		E348F334158C6A25009D25D5 /* StoryTellingTests */ = {
			isa = PBXGroup;
			children = (
				E348F33A158C6A25009D25D5 /* StoryTellingTests.h */,
				E348F33B158C6A25009D25D5 /* StoryTellingTests.m */,
				E348F335158C6A25009D25D5 /* Supporting Files */,
			);
			path = StoryTellingTests;
			sourceTree = "<group>";
		};
		E348F335158C6A25009D25D5 /* Supporting Files */ = {
			isa = PBXGroup;
			children = (
				E348F336158C6A25009D25D5 /* StoryTellingTests-Info.plist */,
				E348F337158C6A25009D25D5 /* InfoPlist.strings */,
			);
			name = "Supporting Files";
			sourceTree = "<group>";
		};
		E348F345158C6AE1009D25D5 /* Classes */ = {
			isa = PBXGroup;
			children = (
				E348F355158C6E9E009D25D5 /* Settings */,
				E348F34B158C6B3A009D25D5 /* Controllers */,
			);
			path = Classes;
			sourceTree = "<group>";
		};
		E348F346158C6AF3009D25D5 /* Images */ = {
			isa = PBXGroup;
			children = (
				E378DBFD158CD89D00359117 /* star@2x.png */,
				E378DBFE158CD89D00359117 /* star.png */,
				E378DBFF158CD89D00359117 /* star_inactive@2x.png */,
				E378DC00158CD89D00359117 /* star_inactive.png */,
			);
			name = Images;
			path = Resources/Images;
			sourceTree = "<group>";
		};
		E348F347158C6B16009D25D5 /* Externals */ = {
			isa = PBXGroup;
			children = (
			);
			path = Externals;
			sourceTree = "<group>";
		};
		E348F34B158C6B3A009D25D5 /* Controllers */ = {
			isa = PBXGroup;
			children = (
				E348F34F158C6BDA009D25D5 /* Home */,
				E348F34E158C6BCE009D25D5 /* AboutUs */,
				E348F34D158C6BCA009D25D5 /* Game */,
			);
			name = Controllers;
			sourceTree = "<group>";
		};
		E348F34C158C6B57009D25D5 /* Xib */ = {
			isa = PBXGroup;
			children = (
				E348F325158C6A24009D25D5 /* ViewController.xib */,
				E348F352158C6BFE009D25D5 /* AboutUsViewController.xib */,
				E348F35B158C755D009D25D5 /* PlayerViewController.xib */,
				E378DBF1158CD19400359117 /* VideoRecordViewController.xib */,
				E3216065158CE3CA00B983B2 /* ResultViewController.xib */,
			);
			name = Xib;
			sourceTree = "<group>";
		};
		E348F34D158C6BCA009D25D5 /* Game */ = {
			isa = PBXGroup;
			children = (
				E348F359158C755D009D25D5 /* PlayerViewController.h */,
				E348F35A158C755D009D25D5 /* PlayerViewController.m */,
				E378DBEF158CD19400359117 /* VideoRecordViewController.h */,
				E378DBF0158CD19400359117 /* VideoRecordViewController.m */,
				E3216063158CE3CA00B983B2 /* ResultViewController.h */,
				E3216064158CE3CA00B983B2 /* ResultViewController.m */,
			);
			name = Game;
			sourceTree = "<group>";
		};
		E348F34E158C6BCE009D25D5 /* AboutUs */ = {
			isa = PBXGroup;
			children = (
				E348F350158C6BFE009D25D5 /* AboutUsViewController.h */,
				E348F351158C6BFE009D25D5 /* AboutUsViewController.m */,
			);
			name = AboutUs;
			sourceTree = "<group>";
		};
		E348F34F158C6BDA009D25D5 /* Home */ = {
			isa = PBXGroup;
			children = (
				E348F348158C6B35009D25D5 /* ViewController.h */,
				E348F349158C6B35009D25D5 /* ViewController.m */,
			);
			name = Home;
			sourceTree = "<group>";
		};
		E348F355158C6E9E009D25D5 /* Settings */ = {
			isa = PBXGroup;
			children = (
				E348F362158C78F4009D25D5 /* Utility.h */,
				E348F363158C78F4009D25D5 /* Utility.m */,
				E348F356158C6EBC009D25D5 /* AppDataManager.h */,
				E348F357158C6EBC009D25D5 /* AppDataManager.m */,
			);
			name = Settings;
			sourceTree = "<group>";
		};
/* End PBXGroup section */

/* Begin PBXNativeTarget section */
		E348F30B158C6A24009D25D5 /* StoryTelling */ = {
			isa = PBXNativeTarget;
			buildConfigurationList = E348F33F158C6A25009D25D5 /* Build configuration list for PBXNativeTarget "StoryTelling" */;
			buildPhases = (
				E348F308158C6A24009D25D5 /* Sources */,
				E348F309158C6A24009D25D5 /* Frameworks */,
				E348F30A158C6A24009D25D5 /* Resources */,
			);
			buildRules = (
			);
			dependencies = (
			);
			name = StoryTelling;
			productName = StoryTelling;
			productReference = E348F30C158C6A24009D25D5 /* StoryTelling.app */;
			productType = "com.apple.product-type.application";
		};
		E348F32C158C6A25009D25D5 /* StoryTellingTests */ = {
			isa = PBXNativeTarget;
			buildConfigurationList = E348F342158C6A25009D25D5 /* Build configuration list for PBXNativeTarget "StoryTellingTests" */;
			buildPhases = (
				E348F328158C6A25009D25D5 /* Sources */,
				E348F329158C6A25009D25D5 /* Frameworks */,
				E348F32A158C6A25009D25D5 /* Resources */,
				E348F32B158C6A25009D25D5 /* ShellScript */,
			);
			buildRules = (
			);
			dependencies = (
				E348F333158C6A25009D25D5 /* PBXTargetDependency */,
			);
			name = StoryTellingTests;
			productName = StoryTellingTests;
			productReference = E348F32D158C6A25009D25D5 /* StoryTellingTests.octest */;
			productType = "com.apple.product-type.bundle";
		};
/* End PBXNativeTarget section */

/* Begin PBXProject section */
		E348F303158C6A24009D25D5 /* Project object */ = {
			isa = PBXProject;
			attributes = {
				LastUpgradeCheck = 0430;
				ORGANIZATIONNAME = PhoneSoul;
			};
			buildConfigurationList = E348F306158C6A24009D25D5 /* Build configuration list for PBXProject "StoryTelling" */;
			compatibilityVersion = "Xcode 3.2";
			developmentRegion = English;
			hasScannedForEncodings = 0;
			knownRegions = (
				en,
			);
			mainGroup = E348F301158C6A24009D25D5;
			productRefGroup = E348F30D158C6A24009D25D5 /* Products */;
			projectDirPath = "";
			projectRoot = "";
			targets = (
				E348F30B158C6A24009D25D5 /* StoryTelling */,
				E348F32C158C6A25009D25D5 /* StoryTellingTests */,
			);
		};
/* End PBXProject section */

/* Begin PBXResourcesBuildPhase section */
		E348F30A158C6A24009D25D5 /* Resources */ = {
			isa = PBXResourcesBuildPhase;
			buildActionMask = 2147483647;
			files = (
				E348F31B158C6A24009D25D5 /* InfoPlist.strings in Resources */,
				E348F327158C6A24009D25D5 /* ViewController.xib in Resources */,
				E348F354158C6BFE009D25D5 /* AboutUsViewController.xib in Resources */,
				E348F35D158C755D009D25D5 /* PlayerViewController.xib in Resources */,
				E378DBF3158CD19400359117 /* VideoRecordViewController.xib in Resources */,
				E378DBF6158CD6BA00359117 /* icon@2x.png in Resources */,
				E378DBF8158CD6BD00359117 /* icon.png in Resources */,
				E378DBFA158CD6C000359117 /* Default@2x.png in Resources */,
				E378DBFC158CD6C300359117 /* Default.png in Resources */,
				E378DC01158CD89D00359117 /* star@2x.png in Resources */,
				E378DC02158CD89D00359117 /* star.png in Resources */,
				E378DC03158CD89D00359117 /* star_inactive@2x.png in Resources */,
				E378DC04158CD89D00359117 /* star_inactive.png in Resources */,
				E3216067158CE3CA00B983B2 /* ResultViewController.xib in Resources */,
			);
			runOnlyForDeploymentPostprocessing = 0;
		};
		E348F32A158C6A25009D25D5 /* Resources */ = {
			isa = PBXResourcesBuildPhase;
			buildActionMask = 2147483647;
			files = (
				E348F339158C6A25009D25D5 /* InfoPlist.strings in Resources */,
			);
			runOnlyForDeploymentPostprocessing = 0;
		};
/* End PBXResourcesBuildPhase section */

/* Begin PBXShellScriptBuildPhase section */
		E348F32B158C6A25009D25D5 /* ShellScript */ = {
			isa = PBXShellScriptBuildPhase;
			buildActionMask = 2147483647;
			files = (
			);
			inputPaths = (
			);
			outputPaths = (
			);
			runOnlyForDeploymentPostprocessing = 0;
			shellPath = /bin/sh;
			shellScript = "# Run the unit tests in this test bundle.\n\"${SYSTEM_DEVELOPER_DIR}/Tools/RunUnitTests\"\n";
		};
/* End PBXShellScriptBuildPhase section */

/* Begin PBXSourcesBuildPhase section */
		E348F308158C6A24009D25D5 /* Sources */ = {
			isa = PBXSourcesBuildPhase;
			buildActionMask = 2147483647;
			files = (
				E348F31D158C6A24009D25D5 /* main.m in Sources */,
				E348F321158C6A24009D25D5 /* AppDelegate.m in Sources */,
				E348F34A158C6B35009D25D5 /* ViewController.m in Sources */,
				E348F353158C6BFE009D25D5 /* AboutUsViewController.m in Sources */,
				E348F358158C6EBC009D25D5 /* AppDataManager.m in Sources */,
				E348F35C158C755D009D25D5 /* PlayerViewController.m in Sources */,
				E348F364158C78F4009D25D5 /* Utility.m in Sources */,
				E378DBF2158CD19400359117 /* VideoRecordViewController.m in Sources */,
				E3216066158CE3CA00B983B2 /* ResultViewController.m in Sources */,
			);
			runOnlyForDeploymentPostprocessing = 0;
		};
		E348F328158C6A25009D25D5 /* Sources */ = {
			isa = PBXSourcesBuildPhase;
			buildActionMask = 2147483647;
			files = (
				E348F33C158C6A25009D25D5 /* StoryTellingTests.m in Sources */,
			);
			runOnlyForDeploymentPostprocessing = 0;
		};
/* End PBXSourcesBuildPhase section */

/* Begin PBXTargetDependency section */
		E348F333158C6A25009D25D5 /* PBXTargetDependency */ = {
			isa = PBXTargetDependency;
			target = E348F30B158C6A24009D25D5 /* StoryTelling */;
			targetProxy = E348F332158C6A25009D25D5 /* PBXContainerItemProxy */;
		};
/* End PBXTargetDependency section */

/* Begin PBXVariantGroup section */
		E348F319158C6A24009D25D5 /* InfoPlist.strings */ = {
			isa = PBXVariantGroup;
			children = (
				E348F31A158C6A24009D25D5 /* en */,
			);
			name = InfoPlist.strings;
			sourceTree = "<group>";
		};
		E348F325158C6A24009D25D5 /* ViewController.xib */ = {
			isa = PBXVariantGroup;
			children = (
				E348F326158C6A24009D25D5 /* en */,
			);
			name = ViewController.xib;
			sourceTree = "<group>";
		};
		E348F337158C6A25009D25D5 /* InfoPlist.strings */ = {
			isa = PBXVariantGroup;
			children = (
				E348F338158C6A25009D25D5 /* en */,
			);
			name = InfoPlist.strings;
			sourceTree = "<group>";
		};
/* End PBXVariantGroup section */

/* Begin XCBuildConfiguration section */
		E348F33D158C6A25009D25D5 /* Debug */ = {
			isa = XCBuildConfiguration;
			buildSettings = {
				ALWAYS_SEARCH_USER_PATHS = NO;
				ARCHS = "$(ARCHS_STANDARD_32_BIT)";
				CLANG_ENABLE_OBJC_ARC = YES;
				"CODE_SIGN_IDENTITY[sdk=iphoneos*]" = "iPhone Developer";
				COPY_PHASE_STRIP = NO;
				GCC_C_LANGUAGE_STANDARD = gnu99;
				GCC_DYNAMIC_NO_PIC = NO;
				GCC_OPTIMIZATION_LEVEL = 0;
				GCC_PREPROCESSOR_DEFINITIONS = (
					"DEBUG=1",
					"$(inherited)",
				);
				GCC_SYMBOLS_PRIVATE_EXTERN = NO;
				GCC_VERSION = com.apple.compilers.llvm.clang.1_0;
				GCC_WARN_ABOUT_RETURN_TYPE = YES;
				GCC_WARN_UNINITIALIZED_AUTOS = YES;
				GCC_WARN_UNUSED_VARIABLE = YES;
				IPHONEOS_DEPLOYMENT_TARGET = 5.1;
				SDKROOT = iphoneos;
			};
			name = Debug;
		};
		E348F33E158C6A25009D25D5 /* Release */ = {
			isa = XCBuildConfiguration;
			buildSettings = {
				ALWAYS_SEARCH_USER_PATHS = NO;
				ARCHS = "$(ARCHS_STANDARD_32_BIT)";
				CLANG_ENABLE_OBJC_ARC = YES;
				"CODE_SIGN_IDENTITY[sdk=iphoneos*]" = "iPhone Developer";
				COPY_PHASE_STRIP = YES;
				GCC_C_LANGUAGE_STANDARD = gnu99;
				GCC_VERSION = com.apple.compilers.llvm.clang.1_0;
				GCC_WARN_ABOUT_RETURN_TYPE = YES;
				GCC_WARN_UNINITIALIZED_AUTOS = YES;
				GCC_WARN_UNUSED_VARIABLE = YES;
				IPHONEOS_DEPLOYMENT_TARGET = 5.1;
				OTHER_CFLAGS = "-DNS_BLOCK_ASSERTIONS=1";
				SDKROOT = iphoneos;
				VALIDATE_PRODUCT = YES;
			};
			name = Release;
		};
		E348F340158C6A25009D25D5 /* Debug */ = {
			isa = XCBuildConfiguration;
			buildSettings = {
				CODE_SIGN_IDENTITY = "iPhone Developer: Jiang Liheng (YNWE5F42W8)";
				GCC_PRECOMPILE_PREFIX_HEADER = YES;
				GCC_PREFIX_HEADER = "StoryTelling/StoryTelling-Prefix.pch";
				INFOPLIST_FILE = "StoryTelling/StoryTelling-Info.plist";
				PRODUCT_NAME = "$(TARGET_NAME)";
				PROVISIONING_PROFILE = "209F9BC6-19F0-4F04-9FCE-680D2D311B48";
				WRAPPER_EXTENSION = app;
			};
			name = Debug;
		};
		E348F341158C6A25009D25D5 /* Release */ = {
			isa = XCBuildConfiguration;
			buildSettings = {
				CODE_SIGN_IDENTITY = "iPhone Distribution: FreeWave Media Pte. Ltd.";
				GCC_PRECOMPILE_PREFIX_HEADER = YES;
				GCC_PREFIX_HEADER = "StoryTelling/StoryTelling-Prefix.pch";
				INFOPLIST_FILE = "StoryTelling/StoryTelling-Info.plist";
				PRODUCT_NAME = "$(TARGET_NAME)";
				PROVISIONING_PROFILE = "892F0AD1-DEFE-45CA-9EED-500A9D6CE472";
				WRAPPER_EXTENSION = app;
			};
			name = Release;
		};
		E348F343158C6A25009D25D5 /* Debug */ = {
			isa = XCBuildConfiguration;
			buildSettings = {
				BUNDLE_LOADER = "$(BUILT_PRODUCTS_DIR)/StoryTelling.app/StoryTelling";
				FRAMEWORK_SEARCH_PATHS = (
					"$(SDKROOT)/Developer/Library/Frameworks",
					"$(DEVELOPER_LIBRARY_DIR)/Frameworks",
				);
				GCC_PRECOMPILE_PREFIX_HEADER = YES;
				GCC_PREFIX_HEADER = "StoryTelling/StoryTelling-Prefix.pch";
				INFOPLIST_FILE = "StoryTellingTests/StoryTellingTests-Info.plist";
				PRODUCT_NAME = "$(TARGET_NAME)";
				TEST_HOST = "$(BUNDLE_LOADER)";
				WRAPPER_EXTENSION = octest;
			};
			name = Debug;
		};
		E348F344158C6A25009D25D5 /* Release */ = {
			isa = XCBuildConfiguration;
			buildSettings = {
				BUNDLE_LOADER = "$(BUILT_PRODUCTS_DIR)/StoryTelling.app/StoryTelling";
				FRAMEWORK_SEARCH_PATHS = (
					"$(SDKROOT)/Developer/Library/Frameworks",
					"$(DEVELOPER_LIBRARY_DIR)/Frameworks",
				);
				GCC_PRECOMPILE_PREFIX_HEADER = YES;
				GCC_PREFIX_HEADER = "StoryTelling/StoryTelling-Prefix.pch";
				INFOPLIST_FILE = "StoryTellingTests/StoryTellingTests-Info.plist";
				PRODUCT_NAME = "$(TARGET_NAME)";
				TEST_HOST = "$(BUNDLE_LOADER)";
				WRAPPER_EXTENSION = octest;
			};
			name = Release;
		};
/* End XCBuildConfiguration section */

/* Begin XCConfigurationList section */
		E348F306158C6A24009D25D5 /* Build configuration list for PBXProject "StoryTelling" */ = {
			isa = XCConfigurationList;
			buildConfigurations = (
				E348F33D158C6A25009D25D5 /* Debug */,
				E348F33E158C6A25009D25D5 /* Release */,
			);
			defaultConfigurationIsVisible = 0;
			defaultConfigurationName = Release;
		};
		E348F33F158C6A25009D25D5 /* Build configuration list for PBXNativeTarget "StoryTelling" */ = {
			isa = XCConfigurationList;
			buildConfigurations = (
				E348F340158C6A25009D25D5 /* Debug */,
				E348F341158C6A25009D25D5 /* Release */,
			);
			defaultConfigurationIsVisible = 0;
			defaultConfigurationName = Release;
		};
		E348F342158C6A25009D25D5 /* Build configuration list for PBXNativeTarget "StoryTellingTests" */ = {
			isa = XCConfigurationList;
			buildConfigurations = (
				E348F343158C6A25009D25D5 /* Debug */,
				E348F344158C6A25009D25D5 /* Release */,
			);
			defaultConfigurationIsVisible = 0;
			defaultConfigurationName = Release;
		};
/* End XCConfigurationList section */
	};
	rootObject = E348F303158C6A24009D25D5 /* Project object */;
}
